{
	"name": "opencode-sdk",
	"lockfileVersion": 3,
	"requires": true,
	"packages": {
		"": {
			"dependencies": {
				"@opencode-ai/sdk": "^1.0.127"
			},
			"devDependencies": {
				"prettier": "^3.7.3",
				"typescript": "^5.9.3",
				"typescript-language-server": "^5.1.3"
			}
		},
		"node_modules/@opencode-ai/sdk": {
			"version": "1.0.127",
			"resolved": "https://registry.npmjs.org/@opencode-ai/sdk/-/sdk-1.0.127.tgz",
			"integrity": "sha512-IlApY6YevYUG0a6L1TGhRkbHEGO8HqfH8e/uU3ZG9ad8Dgp7oNpJpzmyFKQHM+AclDW4CYjX95f3vTLtXgvmpQ=="
		},
		"node_modules/prettier": {
			"version": "3.7.3",
			"resolved": "https://registry.npmjs.org/prettier/-/prettier-3.7.3.tgz",
			"integrity": "sha512-QgODejq9K3OzoBbuyobZlUhznP5SKwPqp+6Q6xw6o8gnhr4O85L2U915iM2IDcfF2NPXVaM9zlo9tdwipnYwzg==",
			"dev": true,
			"license": "MIT",
			"bin": {
				"prettier": "bin/prettier.cjs"
			},
			"engines": {
				"node": ">=14"
			},
			"funding": {
				"url": "https://github.com/prettier/prettier?sponsor=1"
			}
		},
		"node_modules/typescript": {
			"version": "5.9.3",
			"resolved": "https://registry.npmjs.org/typescript/-/typescript-5.9.3.tgz",
			"integrity": "sha512-jl1vZzPDinLr9eUt3J/t7V6FgNEw9QjvBPdysz9KfQDD41fQrC2Y4vKQdiaUpFT4bXlb1RHhLpp8wtm6M5TgSw==",
			"dev": true,
			"license": "Apache-2.0",
			"bin": {
				"tsc": "bin/tsc",
				"tsserver": "bin/tsserver"
			},
			"engines": {
				"node": ">=14.17"
			}
		},
		"node_modules/typescript-language-server": {
			"version": "5.1.3",
			"resolved": "https://registry.npmjs.org/typescript-language-server/-/typescript-language-server-5.1.3.tgz",
			"integrity": "sha512-r+pAcYtWdN8tKlYZPwiiHNA2QPjXnI02NrW5Sf2cVM3TRtuQ3V9EKKwOxqwaQ0krsaEXk/CbN90I5erBuf84Vg==",
			"dev": true,
			"license": "Apache-2.0",
			"bin": {
				"typescript-language-server": "lib/cli.mjs"
			},
			"engines": {
				"node": ">=20"
			}
		}
	}
}
